
Microsoft Visual Studio Solution File, Format Version 12.00
# Visual Studio Version 16
VisualStudioVersion = 16.0.30413.136
MinimumVisualStudioVersion = 10.0.40219.1
Project("{FAE04EC0-301F-11D3-BF4B-00C04F79EFBC}") = "Elements.Android", "Elements\Elements.Android\Elements.Android.csproj", "{020644B3-56CD-43EA-A591-B28D784FDFDD}"
EndProject
Project("{FAE04EC0-301F-11D3-BF4B-00C04F79EFBC}") = "Elements.iOS", "Elements\Elements.iOS\Elements.iOS.csproj", "{88D742F3-0FDA-4B07-AFD0-1E7932A86B4B}"
EndProject
Project("{FAE04EC0-301F-11D3-BF4B-00C04F79EFBC}") = "Elements", "Elements\Elements\Elements.csproj", "{7C25535F-FB7F-4CA2-9F20-6B27A3F424F4}"
EndProject
Global
	GlobalSection(SolutionConfigurationPlatforms) = preSolution
		Debug|Any CPU = Debug|Any CPU
		Debug|iPhone = Debug|iPhone
		Debug|iPhoneSimulator = Debug|iPhoneSimulator
		Release|Any CPU = Release|Any CPU
		Release|iPhone = Release|iPhone
		Release|iPhoneSimulator = Release|iPhoneSimulator
	EndGlobalSection
	GlobalSection(ProjectConfigurationPlatforms) = postSolution
		{020644B3-56CD-43EA-A591-B28D784FDFDD}.Debug|Any CPU.ActiveCfg = Debug|Any CPU
		{020644B3-56CD-43EA-A591-B28D784FDFDD}.Debug|Any CPU.Build.0 = Debug|Any CPU
		{020644B3-56CD-43EA-A591-B28D784FDFDD}.Debug|Any CPU.Deploy.0 = Debug|Any CPU
		{020644B3-56CD-43EA-A591-B28D784FDFDD}.Debug|iPhone.ActiveCfg = Debug|Any CPU
		{020644B3-56CD-43EA-A591-B28D784FDFDD}.Debug|iPhone.Build.0 = Debug|Any CPU
		{020644B3-56CD-43EA-A591-B28D784FDFDD}.Debug|iPhone.Deploy.0 = Debug|Any CPU
		{020644B3-56CD-43EA-A591-B28D784FDFDD}.Debug|iPhoneSimulator.ActiveCfg = Debug|Any CPU
		{020644B3-56CD-43EA-A591-B28D784FDFDD}.Debug|iPhoneSimulator.Build.0 = Debug|Any CPU
		{020644B3-56CD-43EA-A591-B28D784FDFDD}.Debug|iPhoneSimulator.Deploy.0 = Debug|Any CPU
		{020644B3-56CD-43EA-A591-B28D784FDFDD}.Release|Any CPU.ActiveCfg = Release|Any CPU
		{020644B3-56CD-43EA-A591-B28D784FDFDD}.Release|Any CPU.Build.0 = Release|Any CPU
		{020644B3-56CD-43EA-A591-B28D784FDFDD}.Release|Any CPU.Deploy.0 = Release|Any CPU
		{020644B3-56CD-43EA-A591-B28D784FDFDD}.Release|iPhone.ActiveCfg = Release|Any CPU
		{020644B3-56CD-43EA-A591-B28D784FDFDD}.Release|iPhone.Build.0 = Release|Any CPU
		{020644B3-56CD-43EA-A591-B28D784FDFDD}.Release|iPhone.Deploy.0 = Release|Any CPU
		{020644B3-56CD-43EA-A591-B28D784FDFDD}.Release|iPhoneSimulator.ActiveCfg = Release|Any CPU
		{020644B3-56CD-43EA-A591-B28D784FDFDD}.Release|iPhoneSimulator.Build.0 = Release|Any CPU
		{020644B3-56CD-43EA-A591-B28D784FDFDD}.Release|iPhoneSimulator.Deploy.0 = Release|Any CPU
		{88D742F3-0FDA-4B07-AFD0-1E7932A86B4B}.Debug|Any CPU.ActiveCfg = Debug|iPhone
		{88D742F3-0FDA-4B07-AFD0-1E7932A86B4B}.Debug|Any CPU.Build.0 = Debug|iPhone
		{88D742F3-0FDA-4B07-AFD0-1E7932A86B4B}.Debug|Any CPU.Deploy.0 = Debug|iPhone
		{88D742F3-0FDA-4B07-AFD0-1E7932A86B4B}.Debug|iPhone.ActiveCfg = Debug|iPhone
		{88D742F3-0FDA-4B07-AFD0-1E7932A86B4B}.Debug|iPhone.Build.0 = Debug|iPhone
		{88D742F3-0FDA-4B07-AFD0-1E7932A86B4B}.Debug|iPhone.Deploy.0 = Debug|iPhone
		{88D742F3-0FDA-4B07-AFD0-1E7932A86B4B}.Debug|iPhoneSimulator.ActiveCfg = Debug|iPhoneSimulator
		{88D742F3-0FDA-4B07-AFD0-1E7932A86B4B}.Debug|iPhoneSimulator.Build.0 = Debug|iPhoneSimulator
		{88D742F3-0FDA-4B07-AFD0-1E7932A86B4B}.Debug|iPhoneSimulator.Deploy.0 = Debug|iPhoneSimulator
		{88D742F3-0FDA-4B07-AFD0-1E7932A86B4B}.Release|Any CPU.ActiveCfg = Release|iPhone
		{88D742F3-0FDA-4B07-AFD0-1E7932A86B4B}.Release|Any CPU.Build.0 = Release|iPhone
		{88D742F3-0FDA-4B07-AFD0-1E7932A86B4B}.Release|Any CPU.Deploy.0 = Release|iPhone
		{88D742F3-0FDA-4B07-AFD0-1E7932A86B4B}.Release|iPhone.ActiveCfg = Release|iPhone
		{88D742F3-0FDA-4B07-AFD0-1E7932A86B4B}.Release|iPhone.Build.0 = Release|iPhone
		{88D742F3-0FDA-4B07-AFD0-1E7932A86B4B}.Release|iPhone.Deploy.0 = Release|iPhone
		{88D742F3-0FDA-4B07-AFD0-1E7932A86B4B}.Release|iPhoneSimulator.ActiveCfg = Release|iPhoneSimulator
		{88D742F3-0FDA-4B07-AFD0-1E7932A86B4B}.Release|iPhoneSimulator.Build.0 = Release|iPhoneSimulator
		{88D742F3-0FDA-4B07-AFD0-1E7932A86B4B}.Release|iPhoneSimulator.Deploy.0 = Release|iPhoneSimulator
		{7C25535F-FB7F-4CA2-9F20-6B27A3F424F4}.Debug|Any CPU.ActiveCfg = Debug|Any CPU
		{7C25535F-FB7F-4CA2-9F20-6B27A3F424F4}.Debug|Any CPU.Build.0 = Debug|Any CPU
		{7C25535F-FB7F-4CA2-9F20-6B27A3F424F4}.Debug|Any CPU.Deploy.0 = Debug|Any CPU
		{7C25535F-FB7F-4CA2-9F20-6B27A3F424F4}.Debug|iPhone.ActiveCfg = Debug|Any CPU
		{7C25535F-FB7F-4CA2-9F20-6B27A3F424F4}.Debug|iPhone.Build.0 = Debug|Any CPU
		{7C25535F-FB7F-4CA2-9F20-6B27A3F424F4}.Debug|iPhone.Deploy.0 = Debug|Any CPU
		{7C25535F-FB7F-4CA2-9F20-6B27A3F424F4}.Debug|iPhoneSimulator.ActiveCfg = Debug|Any CPU
		{7C25535F-FB7F-4CA2-9F20-6B27A3F424F4}.Debug|iPhoneSimulator.Build.0 = Debug|Any CPU
		{7C25535F-FB7F-4CA2-9F20-6B27A3F424F4}.Debug|iPhoneSimulator.Deploy.0 = Debug|Any CPU
		{7C25535F-FB7F-4CA2-9F20-6B27A3F424F4}.Release|Any CPU.ActiveCfg = Release|Any CPU
		{7C25535F-FB7F-4CA2-9F20-6B27A3F424F4}.Release|Any CPU.Build.0 = Release|Any CPU
		{7C25535F-FB7F-4CA2-9F20-6B27A3F424F4}.Release|Any CPU.Deploy.0 = Release|Any CPU
		{7C25535F-FB7F-4CA2-9F20-6B27A3F424F4}.Release|iPhone.ActiveCfg = Release|Any CPU
		{7C25535F-FB7F-4CA2-9F20-6B27A3F424F4}.Release|iPhone.Build.0 = Release|Any CPU
		{7C25535F-FB7F-4CA2-9F20-6B27A3F424F4}.Release|iPhone.Deploy.0 = Release|Any CPU
		{7C25535F-FB7F-4CA2-9F20-6B27A3F424F4}.Release|iPhoneSimulator.ActiveCfg = Release|Any CPU
		{7C25535F-FB7F-4CA2-9F20-6B27A3F424F4}.Release|iPhoneSimulator.Build.0 = Release|Any CPU
		{7C25535F-FB7F-4CA2-9F20-6B27A3F424F4}.Release|iPhoneSimulator.Deploy.0 = Release|Any CPU
	EndGlobalSection
	GlobalSection(SolutionProperties) = preSolution
		HideSolutionNode = FALSE
	EndGlobalSection
	GlobalSection(ExtensibilityGlobals) = postSolution
		SolutionGuid = {C913D645-071C-4D71-95D0-D0E859F47DDD}
	EndGlobalSection
EndGlobal
